
Microsoft Visual Studio Solution File, Format Version 12.00
# Visual Studio 15
VisualStudioVersion = 15.0.28307.539
MinimumVisualStudioVersion = 10.0.40219.1
Project("{FAE04EC0-301F-11D3-BF4B-00C04F79EFBC}") = "GB_Arch+Patterns_HW01_Brizhak", "GB_Arch+Patterns_HW01_Brizhak\GB_Arch+Patterns_HW01_Brizhak.csproj", "{B2264176-FCB1-422F-9E7B-2317559BEA90}"
EndProject
Global
	GlobalSection(SolutionConfigurationPlatforms) = preSolution
		Debug|Any CPU = Debug|Any CPU
		Release|Any CPU = Release|Any CPU
	EndGlobalSection
	GlobalSection(ProjectConfigurationPlatforms) = postSolution
		{B2264176-FCB1-422F-9E7B-2317559BEA90}.Debug|Any CPU.ActiveCfg = Debug|Any CPU
		{B2264176-FCB1-422F-9E7B-2317559BEA90}.Debug|Any CPU.Build.0 = Debug|Any CPU
		{B2264176-FCB1-422F-9E7B-2317559BEA90}.Release|Any CPU.ActiveCfg = Release|Any CPU
		{B2264176-FCB1-422F-9E7B-2317559BEA90}.Release|Any CPU.Build.0 = Release|Any CPU
	EndGlobalSection
	GlobalSection(SolutionProperties) = preSolution
		HideSolutionNode = FALSE
	EndGlobalSection
	GlobalSection(ExtensibilityGlobals) = postSolution
		SolutionGuid = {09A24C5F-FAE2-4E20-8681-EE508F91BC39}
	EndGlobalSection
EndGlobal
